// !$*UTF8*$!
{
	archiveVersion = 1;
	classes = {
	};
	objectVersion = 55;
	objects = {

/* Begin PBXBuildFile section */
		3AA5631F27A6A239001BB947 /* AppDelegate.swift in Sources */ = {isa = PBXBuildFile; fileRef = 3AA5631E27A6A239001BB947 /* AppDelegate.swift */; };
		3AA5632127A6A239001BB947 /* SceneDelegate.swift in Sources */ = {isa = PBXBuildFile; fileRef = 3AA5632027A6A239001BB947 /* SceneDelegate.swift */; };
		3AA5632327A6A239001BB947 /* ViewController.swift in Sources */ = {isa = PBXBuildFile; fileRef = 3AA5632227A6A239001BB947 /* ViewController.swift */; };
		3AA5632827A6A23F001BB947 /* Assets.xcassets in Resources */ = {isa = PBXBuildFile; fileRef = 3AA5632727A6A23F001BB947 /* Assets.xcassets */; };
		3AA5632B27A6A23F001BB947 /* LaunchScreen.storyboard in Resources */ = {isa = PBXBuildFile; fileRef = 3AA5632927A6A23F001BB947 /* LaunchScreen.storyboard */; };
		3AA5634027A6A322001BB947 /* Comment.swift in Sources */ = {isa = PBXBuildFile; fileRef = 3AA5633F27A6A322001BB947 /* Comment.swift */; };
		3AA5634627A6A67A001BB947 /* MainPresenter.swift in Sources */ = {isa = PBXBuildFile; fileRef = 3AA5634527A6A67A001BB947 /* MainPresenter.swift */; };
		3AA5634927A6B0FD001BB947 /* ModuleBuilder.swift in Sources */ = {isa = PBXBuildFile; fileRef = 3AA5634827A6B0FD001BB947 /* ModuleBuilder.swift */; };
		3AA5634F27A6B52E001BB947 /* MainPresenterTest.swift in Sources */ = {isa = PBXBuildFile; fileRef = 3AA5634E27A6B52E001BB947 /* MainPresenterTest.swift */; };
		3AA5635127A6C33E001BB947 /* TableViewCell.swift in Sources */ = {isa = PBXBuildFile; fileRef = 3AA5635027A6C33E001BB947 /* TableViewCell.swift */; };
		3AA5635327A6C793001BB947 /* NetworkService.swift in Sources */ = {isa = PBXBuildFile; fileRef = 3AA5635227A6C793001BB947 /* NetworkService.swift */; };
		3AA5635627A6D3C5001BB947 /* DetailPresenter.swift in Sources */ = {isa = PBXBuildFile; fileRef = 3AA5635527A6D3C5001BB947 /* DetailPresenter.swift */; };
		3AA5635B27A6D440001BB947 /* DetailViewController.swift in Sources */ = {isa = PBXBuildFile; fileRef = 3AA5635A27A6D440001BB947 /* DetailViewController.swift */; };
/* End PBXBuildFile section */

/* Begin PBXContainerItemProxy section */
		3AA5633A27A6A27D001BB947 /* PBXContainerItemProxy */ = {
			isa = PBXContainerItemProxy;
			containerPortal = 3AA5631327A6A239001BB947 /* Project object */;
			proxyType = 1;
			remoteGlobalIDString = 3AA5631A27A6A239001BB947;
			remoteInfo = "MVP (+DI+Unit)";
		};
/* End PBXContainerItemProxy section */

/* Begin PBXFileReference section */
		3AA5631B27A6A239001BB947 /* MVP (+DI+Unit).app */ = {isa = PBXFileReference; explicitFileType = wrapper.application; includeInIndex = 0; path = "MVP (+DI+Unit).app"; sourceTree = BUILT_PRODUCTS_DIR; };
		3AA5631E27A6A239001BB947 /* AppDelegate.swift */ = {isa = PBXFileReference; lastKnownFileType = sourcecode.swift; path = AppDelegate.swift; sourceTree = "<group>"; };
		3AA5632027A6A239001BB947 /* SceneDelegate.swift */ = {isa = PBXFileReference; lastKnownFileType = sourcecode.swift; path = SceneDelegate.swift; sourceTree = "<group>"; };
		3AA5632227A6A239001BB947 /* ViewController.swift */ = {isa = PBXFileReference; lastKnownFileType = sourcecode.swift; path = ViewController.swift; sourceTree = "<group>"; };
		3AA5632727A6A23F001BB947 /* Assets.xcassets */ = {isa = PBXFileReference; lastKnownFileType = folder.assetcatalog; path = Assets.xcassets; sourceTree = "<group>"; };
		3AA5632A27A6A23F001BB947 /* Base */ = {isa = PBXFileReference; lastKnownFileType = file.storyboard; name = Base; path = Base.lproj/LaunchScreen.storyboard; sourceTree = "<group>"; };
		3AA5632C27A6A23F001BB947 /* Info.plist */ = {isa = PBXFileReference; lastKnownFileType = text.plist.xml; path = Info.plist; sourceTree = "<group>"; };
		3AA5633627A6A27D001BB947 /* MVPTests.xctest */ = {isa = PBXFileReference; explicitFileType = wrapper.cfbundle; includeInIndex = 0; path = MVPTests.xctest; sourceTree = BUILT_PRODUCTS_DIR; };
		3AA5633F27A6A322001BB947 /* Comment.swift */ = {isa = PBXFileReference; lastKnownFileType = sourcecode.swift; path = Comment.swift; sourceTree = "<group>"; };
		3AA5634527A6A67A001BB947 /* MainPresenter.swift */ = {isa = PBXFileReference; lastKnownFileType = sourcecode.swift; path = MainPresenter.swift; sourceTree = "<group>"; };
		3AA5634827A6B0FD001BB947 /* ModuleBuilder.swift */ = {isa = PBXFileReference; lastKnownFileType = sourcecode.swift; path = ModuleBuilder.swift; sourceTree = "<group>"; };
		3AA5634E27A6B52E001BB947 /* MainPresenterTest.swift */ = {isa = PBXFileReference; lastKnownFileType = sourcecode.swift; path = MainPresenterTest.swift; sourceTree = "<group>"; };
		3AA5635027A6C33E001BB947 /* TableViewCell.swift */ = {isa = PBXFileReference; lastKnownFileType = sourcecode.swift; path = TableViewCell.swift; sourceTree = "<group>"; };
		3AA5635227A6C793001BB947 /* NetworkService.swift */ = {isa = PBXFileReference; lastKnownFileType = sourcecode.swift; path = NetworkService.swift; sourceTree = "<group>"; };
		3AA5635527A6D3C5001BB947 /* DetailPresenter.swift */ = {isa = PBXFileReference; lastKnownFileType = sourcecode.swift; path = DetailPresenter.swift; sourceTree = "<group>"; };
		3AA5635A27A6D440001BB947 /* DetailViewController.swift */ = {isa = PBXFileReference; lastKnownFileType = sourcecode.swift; path = DetailViewController.swift; sourceTree = "<group>"; };
/* End PBXFileReference section */

/* Begin PBXFrameworksBuildPhase section */
		3AA5631827A6A239001BB947 /* Frameworks */ = {
			isa = PBXFrameworksBuildPhase;
			buildActionMask = 2147483647;
			files = (
			);
			runOnlyForDeploymentPostprocessing = 0;
		};
		3AA5633327A6A27D001BB947 /* Frameworks */ = {
			isa = PBXFrameworksBuildPhase;
			buildActionMask = 2147483647;
			files = (
			);
			runOnlyForDeploymentPostprocessing = 0;
		};
/* End PBXFrameworksBuildPhase section */

/* Begin PBXGroup section */
		3AA5631227A6A239001BB947 = {
			isa = PBXGroup;
			children = (
				3AA5631D27A6A239001BB947 /* MVP (+DI+Unit) */,
				3AA5633727A6A27D001BB947 /* MVP (+DI+Unit)Tests */,
				3AA5631C27A6A239001BB947 /* Products */,
			);
			sourceTree = "<group>";
		};
		3AA5631C27A6A239001BB947 /* Products */ = {
			isa = PBXGroup;
			children = (
				3AA5631B27A6A239001BB947 /* MVP (+DI+Unit).app */,
				3AA5633627A6A27D001BB947 /* MVPTests.xctest */,
			);
			name = Products;
			sourceTree = "<group>";
		};
		3AA5631D27A6A239001BB947 /* MVP (+DI+Unit) */ = {
			isa = PBXGroup;
			children = (
				3AA5634127A6A635001BB947 /* App */,
				3AA5634227A6A645001BB947 /* Core */,
				3AA5632727A6A23F001BB947 /* Assets.xcassets */,
				3AA5632927A6A23F001BB947 /* LaunchScreen.storyboard */,
				3AA5632C27A6A23F001BB947 /* Info.plist */,
			);
			path = "MVP (+DI+Unit)";
			sourceTree = "<group>";
		};
		3AA5633727A6A27D001BB947 /* MVP (+DI+Unit)Tests */ = {
			isa = PBXGroup;
			children = (
				3AA5634C27A6B4DC001BB947 /* MainModuleTests */,
			);
			path = "MVP (+DI+Unit)Tests";
			sourceTree = "<group>";
		};
		3AA5634127A6A635001BB947 /* App */ = {
			isa = PBXGroup;
			children = (
				3AA5631E27A6A239001BB947 /* AppDelegate.swift */,
				3AA5632027A6A239001BB947 /* SceneDelegate.swift */,
			);
			path = App;
			sourceTree = "<group>";
		};
		3AA5634227A6A645001BB947 /* Core */ = {
			isa = PBXGroup;
			children = (
				3AA5634827A6B0FD001BB947 /* ModuleBuilder.swift */,
				3AA5635827A6D3D7001BB947 /* Detail */,
				3AA5635727A6D3CF001BB947 /* Main */,
				3AA5635427A6C7B7001BB947 /* Networking */,
			);
			path = Core;
			sourceTree = "<group>";
		};
		3AA5634327A6A65F001BB947 /* Model */ = {
			isa = PBXGroup;
			children = (
				3AA5633F27A6A322001BB947 /* Comment.swift */,
			);
			path = Model;
			sourceTree = "<group>";
		};
		3AA5634427A6A667001BB947 /* Presenter */ = {
			isa = PBXGroup;
			children = (
				3AA5634527A6A67A001BB947 /* MainPresenter.swift */,
			);
			path = Presenter;
			sourceTree = "<group>";
		};
		3AA5634727A6A69B001BB947 /* View */ = {
			isa = PBXGroup;
			children = (
				3AA5632227A6A239001BB947 /* ViewController.swift */,
				3AA5635027A6C33E001BB947 /* TableViewCell.swift */,
			);
			path = View;
			sourceTree = "<group>";
		};
		3AA5634C27A6B4DC001BB947 /* MainModuleTests */ = {
			isa = PBXGroup;
			children = (
				3AA5634E27A6B52E001BB947 /* MainPresenterTest.swift */,
			);
			path = MainModuleTests;
			sourceTree = "<group>";
		};
		3AA5635427A6C7B7001BB947 /* Networking */ = {
			isa = PBXGroup;
			children = (
				3AA5635227A6C793001BB947 /* NetworkService.swift */,
			);
			path = Networking;
			sourceTree = "<group>";
		};
		3AA5635727A6D3CF001BB947 /* Main */ = {
			isa = PBXGroup;
			children = (
				3AA5634327A6A65F001BB947 /* Model */,
				3AA5634727A6A69B001BB947 /* View */,
				3AA5634427A6A667001BB947 /* Presenter */,
			);
			path = Main;
			sourceTree = "<group>";
		};
		3AA5635827A6D3D7001BB947 /* Detail */ = {
			isa = PBXGroup;
			children = (
				3AA5635C27A6D4E1001BB947 /* View */,
				3AA5635927A6D3E5001BB947 /* Presenter */,
			);
			path = Detail;
			sourceTree = "<group>";
		};
		3AA5635927A6D3E5001BB947 /* Presenter */ = {
			isa = PBXGroup;
			children = (
				3AA5635527A6D3C5001BB947 /* DetailPresenter.swift */,
			);
			path = Presenter;
			sourceTree = "<group>";
		};
		3AA5635C27A6D4E1001BB947 /* View */ = {
			isa = PBXGroup;
			children = (
				3AA5635A27A6D440001BB947 /* DetailViewController.swift */,
			);
			path = View;
			sourceTree = "<group>";
		};
/* End PBXGroup section */

/* Begin PBXNativeTarget section */
		3AA5631A27A6A239001BB947 /* MVP (+DI+Unit) */ = {
			isa = PBXNativeTarget;
			buildConfigurationList = 3AA5632F27A6A23F001BB947 /* Build configuration list for PBXNativeTarget "MVP (+DI+Unit)" */;
			buildPhases = (
				3AA5631727A6A239001BB947 /* Sources */,
				3AA5631827A6A239001BB947 /* Frameworks */,
				3AA5631927A6A239001BB947 /* Resources */,
			);
			buildRules = (
			);
			dependencies = (
			);
			name = "MVP (+DI+Unit)";
			productName = "MVP (+DI+Unit)";
			productReference = 3AA5631B27A6A239001BB947 /* MVP (+DI+Unit).app */;
			productType = "com.apple.product-type.application";
		};
		3AA5633527A6A27D001BB947 /* MVPTests */ = {
			isa = PBXNativeTarget;
			buildConfigurationList = 3AA5633C27A6A27D001BB947 /* Build configuration list for PBXNativeTarget "MVPTests" */;
			buildPhases = (
				3AA5633227A6A27D001BB947 /* Sources */,
				3AA5633327A6A27D001BB947 /* Frameworks */,
				3AA5633427A6A27D001BB947 /* Resources */,
			);
			buildRules = (
			);
			dependencies = (
				3AA5633B27A6A27D001BB947 /* PBXTargetDependency */,
			);
			name = MVPTests;
			productName = "MVP (+DI+Unit)Tests";
			productReference = 3AA5633627A6A27D001BB947 /* MVPTests.xctest */;
			productType = "com.apple.product-type.bundle.unit-test";
		};
/* End PBXNativeTarget section */

/* Begin PBXProject section */
		3AA5631327A6A239001BB947 /* Project object */ = {
			isa = PBXProject;
			attributes = {
				BuildIndependentTargetsInParallel = 1;
				LastSwiftUpdateCheck = 1310;
				LastUpgradeCheck = 1310;
				TargetAttributes = {
					3AA5631A27A6A239001BB947 = {
						CreatedOnToolsVersion = 13.1;
					};
					3AA5633527A6A27D001BB947 = {
						CreatedOnToolsVersion = 13.1;
						TestTargetID = 3AA5631A27A6A239001BB947;
					};
				};
			};
			buildConfigurationList = 3AA5631627A6A239001BB947 /* Build configuration list for PBXProject "MVP (+DI+Unit)" */;
			compatibilityVersion = "Xcode 13.0";
			developmentRegion = en;
			hasScannedForEncodings = 0;
			knownRegions = (
				en,
				Base,
			);
			mainGroup = 3AA5631227A6A239001BB947;
			productRefGroup = 3AA5631C27A6A239001BB947 /* Products */;
			projectDirPath = "";
			projectRoot = "";
			targets = (
				3AA5631A27A6A239001BB947 /* MVP (+DI+Unit) */,
				3AA5633527A6A27D001BB947 /* MVPTests */,
			);
		};
/* End PBXProject section */

/* Begin PBXResourcesBuildPhase section */
		3AA5631927A6A239001BB947 /* Resources */ = {
			isa = PBXResourcesBuildPhase;
			buildActionMask = 2147483647;
			files = (
				3AA5632B27A6A23F001BB947 /* LaunchScreen.storyboard in Resources */,
				3AA5632827A6A23F001BB947 /* Assets.xcassets in Resources */,
			);
			runOnlyForDeploymentPostprocessing = 0;
		};
		3AA5633427A6A27D001BB947 /* Resources */ = {
			isa = PBXResourcesBuildPhase;
			buildActionMask = 2147483647;
			files = (
			);
			runOnlyForDeploymentPostprocessing = 0;
		};
/* End PBXResourcesBuildPhase section */

/* Begin PBXSourcesBuildPhase section */
		3AA5631727A6A239001BB947 /* Sources */ = {
			isa = PBXSourcesBuildPhase;
			buildActionMask = 2147483647;
			files = (
				3AA5632327A6A239001BB947 /* ViewController.swift in Sources */,
				3AA5631F27A6A239001BB947 /* AppDelegate.swift in Sources */,
				3AA5635627A6D3C5001BB947 /* DetailPresenter.swift in Sources */,
				3AA5635B27A6D440001BB947 /* DetailViewController.swift in Sources */,
				3AA5635327A6C793001BB947 /* NetworkService.swift in Sources */,
				3AA5634027A6A322001BB947 /* Comment.swift in Sources */,
				3AA5632127A6A239001BB947 /* SceneDelegate.swift in Sources */,
				3AA5634627A6A67A001BB947 /* MainPresenter.swift in Sources */,
				3AA5635127A6C33E001BB947 /* TableViewCell.swift in Sources */,
				3AA5634927A6B0FD001BB947 /* ModuleBuilder.swift in Sources */,
			);
			runOnlyForDeploymentPostprocessing = 0;
		};
		3AA5633227A6A27D001BB947 /* Sources */ = {
			isa = PBXSourcesBuildPhase;
			buildActionMask = 2147483647;
			files = (
				3AA5634F27A6B52E001BB947 /* MainPresenterTest.swift in Sources */,
			);
			runOnlyForDeploymentPostprocessing = 0;
		};
/* End PBXSourcesBuildPhase section */

/* Begin PBXTargetDependency section */
		3AA5633B27A6A27D001BB947 /* PBXTargetDependency */ = {
			isa = PBXTargetDependency;
			target = 3AA5631A27A6A239001BB947 /* MVP (+DI+Unit) */;
			targetProxy = 3AA5633A27A6A27D001BB947 /* PBXContainerItemProxy */;
		};
/* End PBXTargetDependency section */

/* Begin PBXVariantGroup section */
		3AA5632927A6A23F001BB947 /* LaunchScreen.storyboard */ = {
			isa = PBXVariantGroup;
			children = (
				3AA5632A27A6A23F001BB947 /* Base */,
			);
			name = LaunchScreen.storyboard;
			sourceTree = "<group>";
		};
/* End PBXVariantGroup section */

/* Begin XCBuildConfiguration section */
		3AA5632D27A6A23F001BB947 /* Debug */ = {
			isa = XCBuildConfiguration;
			buildSettings = {
				ALWAYS_SEARCH_USER_PATHS = NO;
				CLANG_ANALYZER_NONNULL = YES;
				CLANG_ANALYZER_NUMBER_OBJECT_CONVERSION = YES_AGGRESSIVE;
				CLANG_CXX_LANGUAGE_STANDARD = "gnu++17";
				CLANG_CXX_LIBRARY = "libc++";
				CLANG_ENABLE_MODULES = YES;
				CLANG_ENABLE_OBJC_ARC = YES;
				CLANG_ENABLE_OBJC_WEAK = YES;
				CLANG_WARN_BLOCK_CAPTURE_AUTORELEASING = YES;
				CLANG_WARN_BOOL_CONVERSION = YES;
				CLANG_WARN_COMMA = YES;
				CLANG_WARN_CONSTANT_CONVERSION = YES;
				CLANG_WARN_DEPRECATED_OBJC_IMPLEMENTATIONS = YES;
				CLANG_WARN_DIRECT_OBJC_ISA_USAGE = YES_ERROR;
				CLANG_WARN_DOCUMENTATION_COMMENTS = YES;
				CLANG_WARN_EMPTY_BODY = YES;
				CLANG_WARN_ENUM_CONVERSION = YES;
				CLANG_WARN_INFINITE_RECURSION = YES;
				CLANG_WARN_INT_CONVERSION = YES;
				CLANG_WARN_NON_LITERAL_NULL_CONVERSION = YES;
				CLANG_WARN_OBJC_IMPLICIT_RETAIN_SELF = YES;
				CLANG_WARN_OBJC_LITERAL_CONVERSION = YES;
				CLANG_WARN_OBJC_ROOT_CLASS = YES_ERROR;
				CLANG_WARN_QUOTED_INCLUDE_IN_FRAMEWORK_HEADER = YES;
				CLANG_WARN_RANGE_LOOP_ANALYSIS = YES;
				CLANG_WARN_STRICT_PROTOTYPES = YES;
				CLANG_WARN_SUSPICIOUS_MOVE = YES;
				CLANG_WARN_UNGUARDED_AVAILABILITY = YES_AGGRESSIVE;
				CLANG_WARN_UNREACHABLE_CODE = YES;
				CLANG_WARN__DUPLICATE_METHOD_MATCH = YES;
				COPY_PHASE_STRIP = NO;
				DEBUG_INFORMATION_FORMAT = dwarf;
				ENABLE_STRICT_OBJC_MSGSEND = YES;
				ENABLE_TESTABILITY = YES;
				GCC_C_LANGUAGE_STANDARD = gnu11;
				GCC_DYNAMIC_NO_PIC = NO;
				GCC_NO_COMMON_BLOCKS = YES;
				GCC_OPTIMIZATION_LEVEL = 0;
				GCC_PREPROCESSOR_DEFINITIONS = (
					"DEBUG=1",
					"$(inherited)",
				);
				GCC_WARN_64_TO_32_BIT_CONVERSION = YES;
				GCC_WARN_ABOUT_RETURN_TYPE = YES_ERROR;
				GCC_WARN_UNDECLARED_SELECTOR = YES;
				GCC_WARN_UNINITIALIZED_AUTOS = YES_AGGRESSIVE;
				GCC_WARN_UNUSED_FUNCTION = YES;
				GCC_WARN_UNUSED_VARIABLE = YES;
				IBSC_FLATTEN_NIBS = YES;
				IPHONEOS_DEPLOYMENT_TARGET = 15.0;
				MTL_ENABLE_DEBUG_INFO = INCLUDE_SOURCE;
				MTL_FAST_MATH = YES;
				ONLY_ACTIVE_ARCH = YES;
				SDKROOT = iphoneos;
				SWIFT_ACTIVE_COMPILATION_CONDITIONS = DEBUG;
				SWIFT_OPTIMIZATION_LEVEL = "-Onone";
			};
			name = Debug;
		};
		3AA5632E27A6A23F001BB947 /* Release */ = {
			isa = XCBuildConfiguration;
			buildSettings = {
				ALWAYS_SEARCH_USER_PATHS = NO;
				CLANG_ANALYZER_NONNULL = YES;
				CLANG_ANALYZER_NUMBER_OBJECT_CONVERSION = YES_AGGRESSIVE;
				CLANG_CXX_LANGUAGE_STANDARD = "gnu++17";
				CLANG_CXX_LIBRARY = "libc++";
				CLANG_ENABLE_MODULES = YES;
				CLANG_ENABLE_OBJC_ARC = YES;
				CLANG_ENABLE_OBJC_WEAK = YES;
				CLANG_WARN_BLOCK_CAPTURE_AUTORELEASING = YES;
				CLANG_WARN_BOOL_CONVERSION = YES;
				CLANG_WARN_COMMA = YES;
				CLANG_WARN_CONSTANT_CONVERSION = YES;
				CLANG_WARN_DEPRECATED_OBJC_IMPLEMENTATIONS = YES;
				CLANG_WARN_DIRECT_OBJC_ISA_USAGE = YES_ERROR;
				CLANG_WARN_DOCUMENTATION_COMMENTS = YES;
				CLANG_WARN_EMPTY_BODY = YES;
				CLANG_WARN_ENUM_CONVERSION = YES;
				CLANG_WARN_INFINITE_RECURSION = YES;
				CLANG_WARN_INT_CONVERSION = YES;
				CLANG_WARN_NON_LITERAL_NULL_CONVERSION = YES;
				CLANG_WARN_OBJC_IMPLICIT_RETAIN_SELF = YES;
				CLANG_WARN_OBJC_LITERAL_CONVERSION = YES;
				CLANG_WARN_OBJC_ROOT_CLASS = YES_ERROR;
				CLANG_WARN_QUOTED_INCLUDE_IN_FRAMEWORK_HEADER = YES;
				CLANG_WARN_RANGE_LOOP_ANALYSIS = YES;
				CLANG_WARN_STRICT_PROTOTYPES = YES;
				CLANG_WARN_SUSPICIOUS_MOVE = YES;
				CLANG_WARN_UNGUARDED_AVAILABILITY = YES_AGGRESSIVE;
				CLANG_WARN_UNREACHABLE_CODE = YES;
				CLANG_WARN__DUPLICATE_METHOD_MATCH = YES;
				COPY_PHASE_STRIP = NO;
				DEBUG_INFORMATION_FORMAT = "dwarf-with-dsym";
				ENABLE_NS_ASSERTIONS = NO;
				ENABLE_STRICT_OBJC_MSGSEND = YES;
				GCC_C_LANGUAGE_STANDARD = gnu11;
				GCC_NO_COMMON_BLOCKS = YES;
				GCC_WARN_64_TO_32_BIT_CONVERSION = YES;
				GCC_WARN_ABOUT_RETURN_TYPE = YES_ERROR;
				GCC_WARN_UNDECLARED_SELECTOR = YES;
				GCC_WARN_UNINITIALIZED_AUTOS = YES_AGGRESSIVE;
				GCC_WARN_UNUSED_FUNCTION = YES;
				GCC_WARN_UNUSED_VARIABLE = YES;
				IBSC_FLATTEN_NIBS = YES;
				IPHONEOS_DEPLOYMENT_TARGET = 15.0;
				MTL_ENABLE_DEBUG_INFO = NO;
				MTL_FAST_MATH = YES;
				SDKROOT = iphoneos;
				SWIFT_COMPILATION_MODE = wholemodule;
				SWIFT_OPTIMIZATION_LEVEL = "-O";
				VALIDATE_PRODUCT = YES;
			};
			name = Release;
		};
		3AA5633027A6A23F001BB947 /* Debug */ = {
			isa = XCBuildConfiguration;
			buildSettings = {
				ASSETCATALOG_COMPILER_APPICON_NAME = AppIcon;
				ASSETCATALOG_COMPILER_GLOBAL_ACCENT_COLOR_NAME = AccentColor;
				CODE_SIGN_STYLE = Automatic;
				CURRENT_PROJECT_VERSION = 1;
				DEVELOPMENT_TEAM = TD5J59L659;
				GENERATE_INFOPLIST_FILE = YES;
				INFOPLIST_FILE = "MVP (+DI+Unit)/Info.plist";
				INFOPLIST_KEY_UIApplicationSupportsIndirectInputEvents = YES;
				INFOPLIST_KEY_UILaunchStoryboardName = LaunchScreen;
				INFOPLIST_KEY_UISupportedInterfaceOrientations_iPad = "UIInterfaceOrientationPortrait UIInterfaceOrientationPortraitUpsideDown UIInterfaceOrientationLandscapeLeft UIInterfaceOrientationLandscapeRight";
				INFOPLIST_KEY_UISupportedInterfaceOrientations_iPhone = "UIInterfaceOrientationPortrait UIInterfaceOrientationLandscapeLeft UIInterfaceOrientationLandscapeRight";
				LD_RUNPATH_SEARCH_PATHS = (
					"$(inherited)",
					"@executable_path/Frameworks",
				);
				MARKETING_VERSION = 1.0;
				PRODUCT_BUNDLE_IDENTIFIER = "Vaair.MVP---DI-Unit-";
				PRODUCT_NAME = "$(TARGET_NAME)";
				SWIFT_EMIT_LOC_STRINGS = YES;
				SWIFT_VERSION = 5.0;
				TARGETED_DEVICE_FAMILY = "1,2";
			};
			name = Debug;
		};
		3AA5633127A6A23F001BB947 /* Release */ = {
			isa = XCBuildConfiguration;
			buildSettings = {
				ASSETCATALOG_COMPILER_APPICON_NAME = AppIcon;
				ASSETCATALOG_COMPILER_GLOBAL_ACCENT_COLOR_NAME = AccentColor;
				CODE_SIGN_STYLE = Automatic;
				CURRENT_PROJECT_VERSION = 1;
				DEVELOPMENT_TEAM = TD5J59L659;
				GENERATE_INFOPLIST_FILE = YES;
				INFOPLIST_FILE = "MVP (+DI+Unit)/Info.plist";
				INFOPLIST_KEY_UIApplicationSupportsIndirectInputEvents = YES;
				INFOPLIST_KEY_UILaunchStoryboardName = LaunchScreen;
				INFOPLIST_KEY_UISupportedInterfaceOrientations_iPad = "UIInterfaceOrientationPortrait UIInterfaceOrientationPortraitUpsideDown UIInterfaceOrientationLandscapeLeft UIInterfaceOrientationLandscapeRight";
				INFOPLIST_KEY_UISupportedInterfaceOrientations_iPhone = "UIInterfaceOrientationPortrait UIInterfaceOrientationLandscapeLeft UIInterfaceOrientationLandscapeRight";
				LD_RUNPATH_SEARCH_PATHS = (
					"$(inherited)",
					"@executable_path/Frameworks",
				);
				MARKETING_VERSION = 1.0;
				PRODUCT_BUNDLE_IDENTIFIER = "Vaair.MVP---DI-Unit-";
				PRODUCT_NAME = "$(TARGET_NAME)";
				SWIFT_EMIT_LOC_STRINGS = YES;
				SWIFT_VERSION = 5.0;
				TARGETED_DEVICE_FAMILY = "1,2";
			};
			name = Release;
		};
		3AA5633D27A6A27D001BB947 /* Debug */ = {
			isa = XCBuildConfiguration;
			buildSettings = {
				BUNDLE_LOADER = "$(TEST_HOST)";
				CODE_SIGN_STYLE = Automatic;
				CURRENT_PROJECT_VERSION = 1;
				DEVELOPMENT_TEAM = TD5J59L659;
				GENERATE_INFOPLIST_FILE = YES;
				LD_RUNPATH_SEARCH_PATHS = (
					"$(inherited)",
					"@executable_path/Frameworks",
					"@loader_path/Frameworks",
				);
				MARKETING_VERSION = 1.0;
				PRODUCT_BUNDLE_IDENTIFIER = "Vaair.MVP---DI-Unit-Tests";
				PRODUCT_NAME = "$(TARGET_NAME)";
				SWIFT_EMIT_LOC_STRINGS = NO;
				SWIFT_VERSION = 5.0;
				TARGETED_DEVICE_FAMILY = "1,2";
				TEST_HOST = "$(BUILT_PRODUCTS_DIR)/MVP (+DI+Unit).app/MVP (+DI+Unit)";
			};
			name = Debug;
		};
		3AA5633E27A6A27D001BB947 /* Release */ = {
			isa = XCBuildConfiguration;
			buildSettings = {
				BUNDLE_LOADER = "$(TEST_HOST)";
				CODE_SIGN_STYLE = Automatic;
				CURRENT_PROJECT_VERSION = 1;
				DEVELOPMENT_TEAM = TD5J59L659;
				GENERATE_INFOPLIST_FILE = YES;
				LD_RUNPATH_SEARCH_PATHS = (
					"$(inherited)",
					"@executable_path/Frameworks",
					"@loader_path/Frameworks",
				);
				MARKETING_VERSION = 1.0;
				PRODUCT_BUNDLE_IDENTIFIER = "Vaair.MVP---DI-Unit-Tests";
				PRODUCT_NAME = "$(TARGET_NAME)";
				SWIFT_EMIT_LOC_STRINGS = NO;
				SWIFT_VERSION = 5.0;
				TARGETED_DEVICE_FAMILY = "1,2";
				TEST_HOST = "$(BUILT_PRODUCTS_DIR)/MVP (+DI+Unit).app/MVP (+DI+Unit)";
			};
			name = Release;
		};
/* End XCBuildConfiguration section */

/* Begin XCConfigurationList section */
		3AA5631627A6A239001BB947 /* Build configuration list for PBXProject "MVP (+DI+Unit)" */ = {
			isa = XCConfigurationList;
			buildConfigurations = (
				3AA5632D27A6A23F001BB947 /* Debug */,
				3AA5632E27A6A23F001BB947 /* Release */,
			);
			defaultConfigurationIsVisible = 0;
			defaultConfigurationName = Release;
		};
		3AA5632F27A6A23F001BB947 /* Build configuration list for PBXNativeTarget "MVP (+DI+Unit)" */ = {
			isa = XCConfigurationList;
			buildConfigurations = (
				3AA5633027A6A23F001BB947 /* Debug */,
				3AA5633127A6A23F001BB947 /* Release */,
			);
			defaultConfigurationIsVisible = 0;
			defaultConfigurationName = Release;
		};
		3AA5633C27A6A27D001BB947 /* Build configuration list for PBXNativeTarget "MVPTests" */ = {
			isa = XCConfigurationList;
			buildConfigurations = (
				3AA5633D27A6A27D001BB947 /* Debug */,
				3AA5633E27A6A27D001BB947 /* Release */,
			);
			defaultConfigurationIsVisible = 0;
			defaultConfigurationName = Release;
		};
/* End XCConfigurationList section */
	};
	rootObject = 3AA5631327A6A239001BB947 /* Project object */;
}
